
Microsoft Visual Studio Solution File, Format Version 12.00
# Visual Studio Version 17
VisualStudioVersion = 17.4.32804.182
MinimumVisualStudioVersion = 10.0.40219.1
Project("{9A19103F-16F7-4668-BE54-9A1E7A4F7556}") = "zapas", "zapas-api\zapas.csproj", "{8B57051B-40D7-4CA3-9978-66013AE690AF}"
EndProject
Project("{FAE04EC0-301F-11D3-BF4B-00C04F79EFBC}") = "zapas.Tests", "zapas.Tests\zapas.Tests.csproj", "{339E5F5C-9559-4ED2-8872-384849123BA0}"
EndProject
Global
	GlobalSection(SolutionConfigurationPlatforms) = preSolution
		Debug|Any CPU = Debug|Any CPU
		Release|Any CPU = Release|Any CPU
	EndGlobalSection
	GlobalSection(ProjectConfigurationPlatforms) = postSolution
		{8B57051B-40D7-4CA3-9978-66013AE690AF}.Debug|Any CPU.ActiveCfg = Debug|Any CPU
		{8B57051B-40D7-4CA3-9978-66013AE690AF}.Debug|Any CPU.Build.0 = Debug|Any CPU
		{8B57051B-40D7-4CA3-9978-66013AE690AF}.Release|Any CPU.ActiveCfg = Release|Any CPU
		{8B57051B-40D7-4CA3-9978-66013AE690AF}.Release|Any CPU.Build.0 = Release|Any CPU
		{339E5F5C-9559-4ED2-8872-384849123BA0}.Debug|Any CPU.ActiveCfg = Debug|Any CPU
		{339E5F5C-9559-4ED2-8872-384849123BA0}.Debug|Any CPU.Build.0 = Debug|Any CPU
		{339E5F5C-9559-4ED2-8872-384849123BA0}.Release|Any CPU.ActiveCfg = Release|Any CPU
		{339E5F5C-9559-4ED2-8872-384849123BA0}.Release|Any CPU.Build.0 = Release|Any CPU
	EndGlobalSection
	GlobalSection(SolutionProperties) = preSolution
		HideSolutionNode = FALSE
	EndGlobalSection
	GlobalSection(ExtensibilityGlobals) = postSolution
		SolutionGuid = {66B4784E-EBA3-416A-989D-0E3BB38623F3}
	EndGlobalSection
EndGlobal
